{
  "nodes": {
    "agenix": {
      "inputs": {
        "darwin": [
          "darwin"
        ],
        "home-manager": [
          "home-manager"
        ],
        "nixpkgs": [
          "nixpkgs"
        ]
      },
      "locked": {
        "lastModified": 1684153753,
        "narHash": "sha256-PVbWt3qrjYAK+T5KplFcO+h7aZWfEj1UtyoKlvcDxh0=",
        "owner": "ryantm",
        "repo": "agenix",
        "rev": "db5637d10f797bb251b94ef9040b237f4702cde3",
        "type": "github"
      },
      "original": {
        "owner": "ryantm",
        "repo": "agenix",
        "type": "github"
      }
    },
    "astronvim": {
      "flake": false,
      "locked": {
        "lastModified": 1684152050,
        "narHash": "sha256-Up5/Tu0nZz7mUeQ51JbFimu+AvAuu/A2xfRGB9CeyMo=",
        "owner": "AstroNvim",
        "repo": "AstroNvim",
        "rev": "ae2b0ed7cef033717804f61f59ccd19f0e716c3a",
        "type": "github"
      },
      "original": {
        "owner": "AstroNvim",
        "ref": "nightly",
        "repo": "AstroNvim",
        "type": "github"
      }
    },
    "catppuccin": {
      "flake": false,
      "locked": {
        "lastModified": 1677037128,
        "narHash": "sha256-soEBVlq3ULeiZFAdQYMRFuswIIhI9bclIU8WXjxd7oY=",
        "owner": "catppuccin",
        "repo": "starship",
        "rev": "3e3e54410c3189053f4da7a7043261361a1ed1bc",
        "type": "github"
      },
      "original": {
        "owner": "catppuccin",
        "repo": "starship",
        "type": "github"
      }
    },
    "catppuccin-k9s": {
      "flake": false,
      "locked": {
        "lastModified": 1666514940,
        "narHash": "sha256-GrRCOwCgM8BFhY8TzO3/WDTUnGtqkhvlDWE//ox2GxI=",
        "owner": "catppuccin",
        "repo": "k9s",
        "rev": "322598e19a4270298b08dc2765f74795e23a1615",
        "type": "github"
      },
      "original": {
        "owner": "catppuccin",
        "repo": "k9s",
        "type": "github"
      }
    },
    "catppuccin-zsh": {
      "flake": false,
      "locked": {
        "lastModified": 1665638423,
        "narHash": "sha256-Q7KmwUd9fblprL55W0Sf4g7lRcemnhjh4/v+TacJSfo=",
        "owner": "catppuccin",
        "repo": "zsh-syntax-highlighting",
        "rev": "06d519c20798f0ebe275fc3a8101841faaeee8ea",
        "type": "github"
      },
      "original": {
        "owner": "catppuccin",
        "repo": "zsh-syntax-highlighting",
        "type": "github"
      }
    },
    "darwin": {
      "inputs": {
        "nixpkgs": [
          "nixpkgs"
        ]
      },
      "locked": {
        "lastModified": 1684148371,
        "narHash": "sha256-CEVaArsziqantqU418XXruNDjPZN/HC3x1rqr2D4g+o=",
        "owner": "lnl7",
        "repo": "nix-darwin",
        "rev": "0dbf1c2fb1a5a0372a324eff1ba44f9da66febd2",
        "type": "github"
      },
      "original": {
        "owner": "lnl7",
        "ref": "master",
        "repo": "nix-darwin",
        "type": "github"
      }
    },
    "devenv": {
      "inputs": {
        "flake-compat": "flake-compat",
        "nix": "nix",
        "nixpkgs": [
          "nixpkgs"
        ],
        "pre-commit-hooks": "pre-commit-hooks"
      },
      "locked": {
        "lastModified": 1684176547,
        "narHash": "sha256-c+hiXMdeBXKWGZqU/3RPz3Wymg0UcgOnbcW1eJip+88=",
        "owner": "cachix",
        "repo": "devenv",
        "rev": "1344383a60ac5d18eb0f85555023004755bc2d11",
        "type": "github"
      },
      "original": {
        "owner": "cachix",
        "repo": "devenv",
        "type": "github"
      }
    },
    "flake-compat": {
      "flake": false,
      "locked": {
        "lastModified": 1673956053,
        "narHash": "sha256-4gtG9iQuiKITOjNQQeQIpoIB6b16fm+504Ch3sNKLd8=",
        "owner": "edolstra",
        "repo": "flake-compat",
        "rev": "35bb57c0c8d8b62bbfd284272c928ceb64ddbde9",
        "type": "github"
      },
      "original": {
        "owner": "edolstra",
        "repo": "flake-compat",
        "type": "github"
      }
    },
    "flake-parts": {
      "inputs": {
        "nixpkgs-lib": "nixpkgs-lib"
      },
      "locked": {
        "lastModified": 1683560683,
        "narHash": "sha256-XAygPMN5Xnk/W2c1aW0jyEa6lfMDZWlQgiNtmHXytPc=",
        "owner": "hercules-ci",
        "repo": "flake-parts",
        "rev": "006c75898cf814ef9497252b022e91c946ba8e17",
        "type": "github"
      },
      "original": {
        "owner": "hercules-ci",
        "repo": "flake-parts",
        "type": "github"
      }
    },
    "flake-utils": {
      "locked": {
        "lastModified": 1667395993,
        "narHash": "sha256-nuEHfE/LcWyuSWnS8t12N1wc105Qtau+/OdUAjtQ0rA=",
        "owner": "numtide",
        "repo": "flake-utils",
        "rev": "5aed5285a952e0b949eb3ba02c12fa4fcfef535f",
        "type": "github"
      },
      "original": {
        "owner": "numtide",
        "repo": "flake-utils",
        "type": "github"
      }
    },
    "gitignore": {
      "inputs": {
        "nixpkgs": [
          "devenv",
          "pre-commit-hooks",
          "nixpkgs"
        ]
      },
      "locked": {
        "lastModified": 1660459072,
        "narHash": "sha256-8DFJjXG8zqoONA1vXtgeKXy68KdJL5UaXR8NtVMUbx8=",
        "owner": "hercules-ci",
        "repo": "gitignore.nix",
        "rev": "a20de23b925fd8264fd7fad6454652e142fd7f73",
        "type": "github"
      },
      "original": {
        "owner": "hercules-ci",
        "repo": "gitignore.nix",
        "type": "github"
      }
    },
    "hardware": {
      "locked": {
        "lastModified": 1684169666,
        "narHash": "sha256-N5jrykeSxLVgvm3Dd3hZ38/XwM/jU+dltqlXgrGlYxk=",
        "owner": "NixOS",
        "repo": "nixos-hardware",
        "rev": "71ce85372a614d418d5e303dd5702a79d1545c04",
        "type": "github"
      },
      "original": {
        "owner": "NixOS",
        "repo": "nixos-hardware",
        "type": "github"
      }
    },
    "home-manager": {
      "inputs": {
        "nixpkgs": [
          "nixpkgs"
        ]
      },
      "locked": {
        "lastModified": 1684189380,
        "narHash": "sha256-GUp9OkZynocyppLur1VX8oAjtXGue0oKRHbsksOMUm0=",
        "owner": "nix-community",
        "repo": "home-manager",
        "rev": "b7d814c5744dca7e70b3dc2638f06568dce96ca6",
        "type": "github"
      },
      "original": {
        "owner": "nix-community",
        "repo": "home-manager",
        "type": "github"
      }
    },
    "lowdown-src": {
      "flake": false,
      "locked": {
        "lastModified": 1633514407,
        "narHash": "sha256-Dw32tiMjdK9t3ETl5fzGrutQTzh2rufgZV4A/BbxuD4=",
        "owner": "kristapsdz",
        "repo": "lowdown",
        "rev": "d2c2b44ff6c27b936ec27358a2653caaef8f73b8",
        "type": "github"
      },
      "original": {
        "owner": "kristapsdz",
        "repo": "lowdown",
        "type": "github"
      }
    },
    "nix": {
      "inputs": {
        "lowdown-src": "lowdown-src",
        "nixpkgs": [
          "devenv",
          "nixpkgs"
        ],
        "nixpkgs-regression": "nixpkgs-regression"
      },
      "locked": {
        "lastModified": 1676545802,
        "narHash": "sha256-EK4rZ+Hd5hsvXnzSzk2ikhStJnD63odF7SzsQ8CuSPU=",
        "owner": "domenkozar",
        "repo": "nix",
        "rev": "7c91803598ffbcfe4a55c44ac6d49b2cf07a527f",
        "type": "github"
      },
      "original": {
        "owner": "domenkozar",
        "ref": "relaxed-flakes",
        "repo": "nix",
        "type": "github"
      }
    },
    "nixpkgs": {
      "locked": {
        "lastModified": 1684212024,
        "narHash": "sha256-/3ZvkPuIXdyZqPR53qC7aaV5wiwMOY+ddbESOykZ9Vo=",
        "owner": "NixOS",
        "repo": "nixpkgs",
        "rev": "d4825e5e4ac1de7d5bb99381534fd0af3875a26d",
        "type": "github"
      },
      "original": {
        "owner": "NixOS",
        "ref": "nixpkgs-unstable",
        "repo": "nixpkgs",
        "type": "github"
      }
    },
    "nixpkgs-firefox-darwin": {
      "inputs": {
        "nixpkgs": "nixpkgs_2"
      },
      "locked": {
        "lastModified": 1684198048,
        "narHash": "sha256-1UlHwen7CmOFfj2MfgyAWP7eCMYicNDjLt69ujYGMJQ=",
        "owner": "bandithedoge",
        "repo": "nixpkgs-firefox-darwin",
        "rev": "0650b9601711f40b81054081083e9a3f71f64eec",
        "type": "github"
      },
      "original": {
        "owner": "bandithedoge",
        "repo": "nixpkgs-firefox-darwin",
        "type": "github"
      }
    },
    "nixpkgs-lib": {
      "locked": {
        "dir": "lib",
        "lastModified": 1682879489,
        "narHash": "sha256-sASwo8gBt7JDnOOstnps90K1wxmVfyhsTPPNTGBPjjg=",
        "owner": "NixOS",
        "repo": "nixpkgs",
        "rev": "da45bf6ec7bbcc5d1e14d3795c025199f28e0de0",
        "type": "github"
      },
      "original": {
        "dir": "lib",
        "owner": "NixOS",
        "ref": "nixos-unstable",
        "repo": "nixpkgs",
        "type": "github"
      }
    },
    "nixpkgs-regression": {
      "locked": {
        "lastModified": 1643052045,
        "narHash": "sha256-uGJ0VXIhWKGXxkeNnq4TvV3CIOkUJ3PAoLZ3HMzNVMw=",
        "owner": "NixOS",
        "repo": "nixpkgs",
        "rev": "215d4d0fd80ca5163643b03a33fde804a29cc1e2",
        "type": "github"
      },
      "original": {
        "owner": "NixOS",
        "repo": "nixpkgs",
        "rev": "215d4d0fd80ca5163643b03a33fde804a29cc1e2",
        "type": "github"
      }
    },
    "nixpkgs-stable": {
      "locked": {
        "lastModified": 1678872516,
        "narHash": "sha256-/E1YwtMtFAu2KUQKV/1+KFuReYPANM2Rzehk84VxVoc=",
        "owner": "NixOS",
        "repo": "nixpkgs",
        "rev": "9b8e5abb18324c7fe9f07cb100c3cd4a29cda8b8",
        "type": "github"
      },
      "original": {
        "owner": "NixOS",
        "ref": "nixos-22.11",
        "repo": "nixpkgs",
        "type": "github"
      }
    },
    "nixpkgs_2": {
      "locked": {
        "lastModified": 1639237670,
        "narHash": "sha256-RTdL4rEQcgaZGpvtDgkp3oK/V+1LM3I53n0ACPSroAQ=",
        "owner": "NixOS",
        "repo": "nixpkgs",
        "rev": "edfb969386ebe6c3cf8f878775a7975cd88f926d",
        "type": "github"
      },
      "original": {
        "owner": "NixOS",
        "ref": "master",
        "repo": "nixpkgs",
        "type": "github"
      }
    },
    "nur": {
      "locked": {
        "lastModified": 1684612984,
        "narHash": "sha256-XqWVrtHiY7r/NJMDS02i1kj3Q7BOU7BnfQfEd6v3ZIE=",
        "owner": "nix-community",
        "repo": "NUR",
        "rev": "3c932dd06b0a537b890e1fd3e31deceb1ac3dea3",
        "type": "github"
      },
      "original": {
        "owner": "nix-community",
        "repo": "NUR",
        "type": "github"
      }
    },
    "pre-commit-hooks": {
      "inputs": {
        "flake-compat": [
          "devenv",
          "flake-compat"
        ],
        "flake-utils": "flake-utils",
        "gitignore": "gitignore",
        "nixpkgs": [
          "devenv",
          "nixpkgs"
        ],
        "nixpkgs-stable": "nixpkgs-stable"
      },
      "locked": {
        "lastModified": 1682596858,
        "narHash": "sha256-Hf9XVpqaGqe/4oDGr30W8HlsWvJXtMsEPHDqHZA6dDg=",
        "owner": "cachix",
        "repo": "pre-commit-hooks.nix",
        "rev": "fb58866e20af98779017134319b5663b8215d912",
        "type": "github"
      },
      "original": {
        "owner": "cachix",
        "repo": "pre-commit-hooks.nix",
        "type": "github"
      }
    },
    "root": {
      "inputs": {
        "agenix": "agenix",
        "astronvim": "astronvim",
        "catppuccin": "catppuccin",
        "catppuccin-k9s": "catppuccin-k9s",
        "catppuccin-zsh": "catppuccin-zsh",
        "darwin": "darwin",
        "devenv": "devenv",
        "flake-parts": "flake-parts",
        "hardware": "hardware",
        "home-manager": "home-manager",
        "nixpkgs": "nixpkgs",
        "nixpkgs-firefox-darwin": "nixpkgs-firefox-darwin",
        "nur": "nur"
      }
    }
  },
  "root": "root",
  "version": 7
}
